// !$*UTF8*$!
{
	archiveVersion = 1;
	classes = {
	};
	objectVersion = 55;
	objects = {

/* Begin PBXBuildFile section */
		F2D048C327DB9A9500B8421F /* AsyncAwaitTutorialTestApp.swift in Sources */ = {isa = PBXBuildFile; fileRef = F2D048C227DB9A9500B8421F /* AsyncAwaitTutorialTestApp.swift */; };
		F2D048C527DB9A9500B8421F /* ContentView.swift in Sources */ = {isa = PBXBuildFile; fileRef = F2D048C427DB9A9500B8421F /* ContentView.swift */; };
		F2D048C727DB9A9800B8421F /* Assets.xcassets in Resources */ = {isa = PBXBuildFile; fileRef = F2D048C627DB9A9800B8421F /* Assets.xcassets */; };
		F2D048CA27DB9A9800B8421F /* Preview Assets.xcassets in Resources */ = {isa = PBXBuildFile; fileRef = F2D048C927DB9A9800B8421F /* Preview Assets.xcassets */; };
		F2D048D127DB9AFE00B8421F /* API.swift in Sources */ = {isa = PBXBuildFile; fileRef = F2D048D027DB9AFE00B8421F /* API.swift */; };
		F2D048D327DB9B7800B8421F /* Todo.swift in Sources */ = {isa = PBXBuildFile; fileRef = F2D048D227DB9B7800B8421F /* Todo.swift */; };
		F2D048D527DB9BCC00B8421F /* CombineClient.swift in Sources */ = {isa = PBXBuildFile; fileRef = F2D048D427DB9BCC00B8421F /* CombineClient.swift */; };
		F2D048D927DB9F1B00B8421F /* AsyncAPI.swift in Sources */ = {isa = PBXBuildFile; fileRef = F2D048D827DB9F1B00B8421F /* AsyncAPI.swift */; };
		F2D048DB27DB9FD600B8421F /* AsyncClient.swift in Sources */ = {isa = PBXBuildFile; fileRef = F2D048DA27DB9FD600B8421F /* AsyncClient.swift */; };
		F2D048DD27DBA02700B8421F /* AnyPublisher+Ext.swift in Sources */ = {isa = PBXBuildFile; fileRef = F2D048DC27DBA02700B8421F /* AnyPublisher+Ext.swift */; };
		F2D048DF27DBA4C500B8421F /* AsyncAwaitTestView.swift in Sources */ = {isa = PBXBuildFile; fileRef = F2D048DE27DBA4C500B8421F /* AsyncAwaitTestView.swift */; };
		F2D048E127DBA52200B8421F /* TaskGroupTestVM.swift in Sources */ = {isa = PBXBuildFile; fileRef = F2D048E027DBA52200B8421F /* TaskGroupTestVM.swift */; };
		F2D048E827DBB77C00B8421F /* Alamofire in Frameworks */ = {isa = PBXBuildFile; productRef = F2D048E727DBB77C00B8421F /* Alamofire */; };
/* End PBXBuildFile section */

/* Begin PBXFileReference section */
		F2D048BF27DB9A9500B8421F /* AsyncAwaitTutorialTest.app */ = {isa = PBXFileReference; explicitFileType = wrapper.application; includeInIndex = 0; path = AsyncAwaitTutorialTest.app; sourceTree = BUILT_PRODUCTS_DIR; };
		F2D048C227DB9A9500B8421F /* AsyncAwaitTutorialTestApp.swift */ = {isa = PBXFileReference; lastKnownFileType = sourcecode.swift; path = AsyncAwaitTutorialTestApp.swift; sourceTree = "<group>"; };
		F2D048C427DB9A9500B8421F /* ContentView.swift */ = {isa = PBXFileReference; lastKnownFileType = sourcecode.swift; path = ContentView.swift; sourceTree = "<group>"; };
		F2D048C627DB9A9800B8421F /* Assets.xcassets */ = {isa = PBXFileReference; lastKnownFileType = folder.assetcatalog; path = Assets.xcassets; sourceTree = "<group>"; };
		F2D048C927DB9A9800B8421F /* Preview Assets.xcassets */ = {isa = PBXFileReference; lastKnownFileType = folder.assetcatalog; path = "Preview Assets.xcassets"; sourceTree = "<group>"; };
		F2D048D027DB9AFE00B8421F /* API.swift */ = {isa = PBXFileReference; lastKnownFileType = sourcecode.swift; path = API.swift; sourceTree = "<group>"; };
		F2D048D227DB9B7800B8421F /* Todo.swift */ = {isa = PBXFileReference; lastKnownFileType = sourcecode.swift; path = Todo.swift; sourceTree = "<group>"; };
		F2D048D427DB9BCC00B8421F /* CombineClient.swift */ = {isa = PBXFileReference; lastKnownFileType = sourcecode.swift; path = CombineClient.swift; sourceTree = "<group>"; };
		F2D048D827DB9F1B00B8421F /* AsyncAPI.swift */ = {isa = PBXFileReference; lastKnownFileType = sourcecode.swift; path = AsyncAPI.swift; sourceTree = "<group>"; };
		F2D048DA27DB9FD600B8421F /* AsyncClient.swift */ = {isa = PBXFileReference; lastKnownFileType = sourcecode.swift; path = AsyncClient.swift; sourceTree = "<group>"; };
		F2D048DC27DBA02700B8421F /* AnyPublisher+Ext.swift */ = {isa = PBXFileReference; lastKnownFileType = sourcecode.swift; path = "AnyPublisher+Ext.swift"; sourceTree = "<group>"; };
		F2D048DE27DBA4C500B8421F /* AsyncAwaitTestView.swift */ = {isa = PBXFileReference; lastKnownFileType = sourcecode.swift; path = AsyncAwaitTestView.swift; sourceTree = "<group>"; };
		F2D048E027DBA52200B8421F /* TaskGroupTestVM.swift */ = {isa = PBXFileReference; lastKnownFileType = sourcecode.swift; path = TaskGroupTestVM.swift; sourceTree = "<group>"; };
/* End PBXFileReference section */

/* Begin PBXFrameworksBuildPhase section */
		F2D048BC27DB9A9500B8421F /* Frameworks */ = {
			isa = PBXFrameworksBuildPhase;
			buildActionMask = 2147483647;
			files = (
				F2D048E827DBB77C00B8421F /* Alamofire in Frameworks */,
			);
			runOnlyForDeploymentPostprocessing = 0;
		};
/* End PBXFrameworksBuildPhase section */

/* Begin PBXGroup section */
		F2D048B627DB9A9500B8421F = {
			isa = PBXGroup;
			children = (
				F2D048C127DB9A9500B8421F /* AsyncAwaitTutorialTest */,
				F2D048C027DB9A9500B8421F /* Products */,
			);
			sourceTree = "<group>";
		};
		F2D048C027DB9A9500B8421F /* Products */ = {
			isa = PBXGroup;
			children = (
				F2D048BF27DB9A9500B8421F /* AsyncAwaitTutorialTest.app */,
			);
			name = Products;
			sourceTree = "<group>";
		};
		F2D048C127DB9A9500B8421F /* AsyncAwaitTutorialTest */ = {
			isa = PBXGroup;
			children = (
				F2D048C227DB9A9500B8421F /* AsyncAwaitTutorialTestApp.swift */,
				F2D048D727DB9EE800B8421F /* Combine */,
				F2D048D627DB9EDF00B8421F /* AsyncAwait */,
				F2D048E527DBB36500B8421F /* TaskGroup */,
				F2D048D227DB9B7800B8421F /* Todo.swift */,
				F2D048C427DB9A9500B8421F /* ContentView.swift */,
				F2D048DC27DBA02700B8421F /* AnyPublisher+Ext.swift */,
				F2D048C627DB9A9800B8421F /* Assets.xcassets */,
				F2D048C827DB9A9800B8421F /* Preview Content */,
			);
			path = AsyncAwaitTutorialTest;
			sourceTree = "<group>";
		};
		F2D048C827DB9A9800B8421F /* Preview Content */ = {
			isa = PBXGroup;
			children = (
				F2D048C927DB9A9800B8421F /* Preview Assets.xcassets */,
			);
			path = "Preview Content";
			sourceTree = "<group>";
		};
		F2D048D627DB9EDF00B8421F /* AsyncAwait */ = {
			isa = PBXGroup;
			children = (
				F2D048D827DB9F1B00B8421F /* AsyncAPI.swift */,
				F2D048DA27DB9FD600B8421F /* AsyncClient.swift */,
			);
			path = AsyncAwait;
			sourceTree = "<group>";
		};
		F2D048D727DB9EE800B8421F /* Combine */ = {
			isa = PBXGroup;
			children = (
				F2D048D027DB9AFE00B8421F /* API.swift */,
				F2D048D427DB9BCC00B8421F /* CombineClient.swift */,
			);
			path = Combine;
			sourceTree = "<group>";
		};
		F2D048E527DBB36500B8421F /* TaskGroup */ = {
			isa = PBXGroup;
			children = (
				F2D048DE27DBA4C500B8421F /* AsyncAwaitTestView.swift */,
				F2D048E027DBA52200B8421F /* TaskGroupTestVM.swift */,
			);
			path = TaskGroup;
			sourceTree = "<group>";
		};
/* End PBXGroup section */

/* Begin PBXNativeTarget section */
		F2D048BE27DB9A9500B8421F /* AsyncAwaitTutorialTest */ = {
			isa = PBXNativeTarget;
			buildConfigurationList = F2D048CD27DB9A9800B8421F /* Build configuration list for PBXNativeTarget "AsyncAwaitTutorialTest" */;
			buildPhases = (
				F2D048BB27DB9A9500B8421F /* Sources */,
				F2D048BC27DB9A9500B8421F /* Frameworks */,
				F2D048BD27DB9A9500B8421F /* Resources */,
			);
			buildRules = (
			);
			dependencies = (
			);
			name = AsyncAwaitTutorialTest;
			packageProductDependencies = (
				F2D048E727DBB77C00B8421F /* Alamofire */,
			);
			productName = AsyncAwaitTutorialTest;
			productReference = F2D048BF27DB9A9500B8421F /* AsyncAwaitTutorialTest.app */;
			productType = "com.apple.product-type.application";
		};
/* End PBXNativeTarget section */

/* Begin PBXProject section */
		F2D048B727DB9A9500B8421F /* Project object */ = {
			isa = PBXProject;
			attributes = {
				BuildIndependentTargetsInParallel = 1;
				LastSwiftUpdateCheck = 1320;
				LastUpgradeCheck = 1320;
				TargetAttributes = {
					F2D048BE27DB9A9500B8421F = {
						CreatedOnToolsVersion = 13.2.1;
					};
				};
			};
			buildConfigurationList = F2D048BA27DB9A9500B8421F /* Build configuration list for PBXProject "AsyncAwaitTutorialTest" */;
			compatibilityVersion = "Xcode 13.0";
			developmentRegion = en;
			hasScannedForEncodings = 0;
			knownRegions = (
				en,
				Base,
			);
			mainGroup = F2D048B627DB9A9500B8421F;
			packageReferences = (
				F2D048E627DBB77C00B8421F /* XCRemoteSwiftPackageReference "Alamofire" */,
			);
			productRefGroup = F2D048C027DB9A9500B8421F /* Products */;
			projectDirPath = "";
			projectRoot = "";
			targets = (
				F2D048BE27DB9A9500B8421F /* AsyncAwaitTutorialTest */,
			);
		};
/* End PBXProject section */

/* Begin PBXResourcesBuildPhase section */
		F2D048BD27DB9A9500B8421F /* Resources */ = {
			isa = PBXResourcesBuildPhase;
			buildActionMask = 2147483647;
			files = (
				F2D048CA27DB9A9800B8421F /* Preview Assets.xcassets in Resources */,
				F2D048C727DB9A9800B8421F /* Assets.xcassets in Resources */,
			);
			runOnlyForDeploymentPostprocessing = 0;
		};
/* End PBXResourcesBuildPhase section */

/* Begin PBXSourcesBuildPhase section */
		F2D048BB27DB9A9500B8421F /* Sources */ = {
			isa = PBXSourcesBuildPhase;
			buildActionMask = 2147483647;
			files = (
				F2D048DF27DBA4C500B8421F /* AsyncAwaitTestView.swift in Sources */,
				F2D048C527DB9A9500B8421F /* ContentView.swift in Sources */,
				F2D048D927DB9F1B00B8421F /* AsyncAPI.swift in Sources */,
				F2D048E127DBA52200B8421F /* TaskGroupTestVM.swift in Sources */,
				F2D048D127DB9AFE00B8421F /* API.swift in Sources */,
				F2D048DD27DBA02700B8421F /* AnyPublisher+Ext.swift in Sources */,
				F2D048DB27DB9FD600B8421F /* AsyncClient.swift in Sources */,
				F2D048D527DB9BCC00B8421F /* CombineClient.swift in Sources */,
				F2D048C327DB9A9500B8421F /* AsyncAwaitTutorialTestApp.swift in Sources */,
				F2D048D327DB9B7800B8421F /* Todo.swift in Sources */,
			);
			runOnlyForDeploymentPostprocessing = 0;
		};
/* End PBXSourcesBuildPhase section */

/* Begin XCBuildConfiguration section */
		F2D048CB27DB9A9800B8421F /* Debug */ = {
			isa = XCBuildConfiguration;
			buildSettings = {
				ALWAYS_SEARCH_USER_PATHS = NO;
				CLANG_ANALYZER_NONNULL = YES;
				CLANG_ANALYZER_NUMBER_OBJECT_CONVERSION = YES_AGGRESSIVE;
				CLANG_CXX_LANGUAGE_STANDARD = "gnu++17";
				CLANG_CXX_LIBRARY = "libc++";
				CLANG_ENABLE_MODULES = YES;
				CLANG_ENABLE_OBJC_ARC = YES;
				CLANG_ENABLE_OBJC_WEAK = YES;
				CLANG_WARN_BLOCK_CAPTURE_AUTORELEASING = YES;
				CLANG_WARN_BOOL_CONVERSION = YES;
				CLANG_WARN_COMMA = YES;
				CLANG_WARN_CONSTANT_CONVERSION = YES;
				CLANG_WARN_DEPRECATED_OBJC_IMPLEMENTATIONS = YES;
				CLANG_WARN_DIRECT_OBJC_ISA_USAGE = YES_ERROR;
				CLANG_WARN_DOCUMENTATION_COMMENTS = YES;
				CLANG_WARN_EMPTY_BODY = YES;
				CLANG_WARN_ENUM_CONVERSION = YES;
				CLANG_WARN_INFINITE_RECURSION = YES;
				CLANG_WARN_INT_CONVERSION = YES;
				CLANG_WARN_NON_LITERAL_NULL_CONVERSION = YES;
				CLANG_WARN_OBJC_IMPLICIT_RETAIN_SELF = YES;
				CLANG_WARN_OBJC_LITERAL_CONVERSION = YES;
				CLANG_WARN_OBJC_ROOT_CLASS = YES_ERROR;
				CLANG_WARN_QUOTED_INCLUDE_IN_FRAMEWORK_HEADER = YES;
				CLANG_WARN_RANGE_LOOP_ANALYSIS = YES;
				CLANG_WARN_STRICT_PROTOTYPES = YES;
				CLANG_WARN_SUSPICIOUS_MOVE = YES;
				CLANG_WARN_UNGUARDED_AVAILABILITY = YES_AGGRESSIVE;
				CLANG_WARN_UNREACHABLE_CODE = YES;
				CLANG_WARN__DUPLICATE_METHOD_MATCH = YES;
				COPY_PHASE_STRIP = NO;
				DEBUG_INFORMATION_FORMAT = dwarf;
				ENABLE_STRICT_OBJC_MSGSEND = YES;
				ENABLE_TESTABILITY = YES;
				GCC_C_LANGUAGE_STANDARD = gnu11;
				GCC_DYNAMIC_NO_PIC = NO;
				GCC_NO_COMMON_BLOCKS = YES;
				GCC_OPTIMIZATION_LEVEL = 0;
				GCC_PREPROCESSOR_DEFINITIONS = (
					"DEBUG=1",
					"$(inherited)",
				);
				GCC_WARN_64_TO_32_BIT_CONVERSION = YES;
				GCC_WARN_ABOUT_RETURN_TYPE = YES_ERROR;
				GCC_WARN_UNDECLARED_SELECTOR = YES;
				GCC_WARN_UNINITIALIZED_AUTOS = YES_AGGRESSIVE;
				GCC_WARN_UNUSED_FUNCTION = YES;
				GCC_WARN_UNUSED_VARIABLE = YES;
				IPHONEOS_DEPLOYMENT_TARGET = 15.2;
				MTL_ENABLE_DEBUG_INFO = INCLUDE_SOURCE;
				MTL_FAST_MATH = YES;
				ONLY_ACTIVE_ARCH = YES;
				SDKROOT = iphoneos;
				SWIFT_ACTIVE_COMPILATION_CONDITIONS = DEBUG;
				SWIFT_OPTIMIZATION_LEVEL = "-Onone";
			};
			name = Debug;
		};
		F2D048CC27DB9A9800B8421F /* Release */ = {
			isa = XCBuildConfiguration;
			buildSettings = {
				ALWAYS_SEARCH_USER_PATHS = NO;
				CLANG_ANALYZER_NONNULL = YES;
				CLANG_ANALYZER_NUMBER_OBJECT_CONVERSION = YES_AGGRESSIVE;
				CLANG_CXX_LANGUAGE_STANDARD = "gnu++17";
				CLANG_CXX_LIBRARY = "libc++";
				CLANG_ENABLE_MODULES = YES;
				CLANG_ENABLE_OBJC_ARC = YES;
				CLANG_ENABLE_OBJC_WEAK = YES;
				CLANG_WARN_BLOCK_CAPTURE_AUTORELEASING = YES;
				CLANG_WARN_BOOL_CONVERSION = YES;
				CLANG_WARN_COMMA = YES;
				CLANG_WARN_CONSTANT_CONVERSION = YES;
				CLANG_WARN_DEPRECATED_OBJC_IMPLEMENTATIONS = YES;
				CLANG_WARN_DIRECT_OBJC_ISA_USAGE = YES_ERROR;
				CLANG_WARN_DOCUMENTATION_COMMENTS = YES;
				CLANG_WARN_EMPTY_BODY = YES;
				CLANG_WARN_ENUM_CONVERSION = YES;
				CLANG_WARN_INFINITE_RECURSION = YES;
				CLANG_WARN_INT_CONVERSION = YES;
				CLANG_WARN_NON_LITERAL_NULL_CONVERSION = YES;
				CLANG_WARN_OBJC_IMPLICIT_RETAIN_SELF = YES;
				CLANG_WARN_OBJC_LITERAL_CONVERSION = YES;
				CLANG_WARN_OBJC_ROOT_CLASS = YES_ERROR;
				CLANG_WARN_QUOTED_INCLUDE_IN_FRAMEWORK_HEADER = YES;
				CLANG_WARN_RANGE_LOOP_ANALYSIS = YES;
				CLANG_WARN_STRICT_PROTOTYPES = YES;
				CLANG_WARN_SUSPICIOUS_MOVE = YES;
				CLANG_WARN_UNGUARDED_AVAILABILITY = YES_AGGRESSIVE;
				CLANG_WARN_UNREACHABLE_CODE = YES;
				CLANG_WARN__DUPLICATE_METHOD_MATCH = YES;
				COPY_PHASE_STRIP = NO;
				DEBUG_INFORMATION_FORMAT = "dwarf-with-dsym";
				ENABLE_NS_ASSERTIONS = NO;
				ENABLE_STRICT_OBJC_MSGSEND = YES;
				GCC_C_LANGUAGE_STANDARD = gnu11;
				GCC_NO_COMMON_BLOCKS = YES;
				GCC_WARN_64_TO_32_BIT_CONVERSION = YES;
				GCC_WARN_ABOUT_RETURN_TYPE = YES_ERROR;
				GCC_WARN_UNDECLARED_SELECTOR = YES;
				GCC_WARN_UNINITIALIZED_AUTOS = YES_AGGRESSIVE;
				GCC_WARN_UNUSED_FUNCTION = YES;
				GCC_WARN_UNUSED_VARIABLE = YES;
				IPHONEOS_DEPLOYMENT_TARGET = 15.2;
				MTL_ENABLE_DEBUG_INFO = NO;
				MTL_FAST_MATH = YES;
				SDKROOT = iphoneos;
				SWIFT_COMPILATION_MODE = wholemodule;
				SWIFT_OPTIMIZATION_LEVEL = "-O";
				VALIDATE_PRODUCT = YES;
			};
			name = Release;
		};
		F2D048CE27DB9A9800B8421F /* Debug */ = {
			isa = XCBuildConfiguration;
			buildSettings = {
				ASSETCATALOG_COMPILER_APPICON_NAME = AppIcon;
				ASSETCATALOG_COMPILER_GLOBAL_ACCENT_COLOR_NAME = AccentColor;
				CODE_SIGN_STYLE = Automatic;
				CURRENT_PROJECT_VERSION = 1;
				DEVELOPMENT_ASSET_PATHS = "\"AsyncAwaitTutorialTest/Preview Content\"";
				DEVELOPMENT_TEAM = 67XDG42679;
				ENABLE_PREVIEWS = YES;
				GENERATE_INFOPLIST_FILE = YES;
				INFOPLIST_KEY_UIApplicationSceneManifest_Generation = YES;
				INFOPLIST_KEY_UIApplicationSupportsIndirectInputEvents = YES;
				INFOPLIST_KEY_UILaunchScreen_Generation = YES;
				INFOPLIST_KEY_UISupportedInterfaceOrientations_iPad = "UIInterfaceOrientationPortrait UIInterfaceOrientationPortraitUpsideDown UIInterfaceOrientationLandscapeLeft UIInterfaceOrientationLandscapeRight";
				INFOPLIST_KEY_UISupportedInterfaceOrientations_iPhone = "UIInterfaceOrientationPortrait UIInterfaceOrientationLandscapeLeft UIInterfaceOrientationLandscapeRight";
				LD_RUNPATH_SEARCH_PATHS = (
					"$(inherited)",
					"@executable_path/Frameworks",
				);
				MARKETING_VERSION = 1.0;
				PRODUCT_BUNDLE_IDENTIFIER = com.tuentuenna.AsyncAwaitTutorialTest;
				PRODUCT_NAME = "$(TARGET_NAME)";
				SWIFT_EMIT_LOC_STRINGS = YES;
				SWIFT_VERSION = 5.0;
				TARGETED_DEVICE_FAMILY = "1,2";
			};
			name = Debug;
		};
		F2D048CF27DB9A9800B8421F /* Release */ = {
			isa = XCBuildConfiguration;
			buildSettings = {
				ASSETCATALOG_COMPILER_APPICON_NAME = AppIcon;
				ASSETCATALOG_COMPILER_GLOBAL_ACCENT_COLOR_NAME = AccentColor;
				CODE_SIGN_STYLE = Automatic;
				CURRENT_PROJECT_VERSION = 1;
				DEVELOPMENT_ASSET_PATHS = "\"AsyncAwaitTutorialTest/Preview Content\"";
				DEVELOPMENT_TEAM = 67XDG42679;
				ENABLE_PREVIEWS = YES;
				GENERATE_INFOPLIST_FILE = YES;
				INFOPLIST_KEY_UIApplicationSceneManifest_Generation = YES;
				INFOPLIST_KEY_UIApplicationSupportsIndirectInputEvents = YES;
				INFOPLIST_KEY_UILaunchScreen_Generation = YES;
				INFOPLIST_KEY_UISupportedInterfaceOrientations_iPad = "UIInterfaceOrientationPortrait UIInterfaceOrientationPortraitUpsideDown UIInterfaceOrientationLandscapeLeft UIInterfaceOrientationLandscapeRight";
				INFOPLIST_KEY_UISupportedInterfaceOrientations_iPhone = "UIInterfaceOrientationPortrait UIInterfaceOrientationLandscapeLeft UIInterfaceOrientationLandscapeRight";
				LD_RUNPATH_SEARCH_PATHS = (
					"$(inherited)",
					"@executable_path/Frameworks",
				);
				MARKETING_VERSION = 1.0;
				PRODUCT_BUNDLE_IDENTIFIER = com.tuentuenna.AsyncAwaitTutorialTest;
				PRODUCT_NAME = "$(TARGET_NAME)";
				SWIFT_EMIT_LOC_STRINGS = YES;
				SWIFT_VERSION = 5.0;
				TARGETED_DEVICE_FAMILY = "1,2";
			};
			name = Release;
		};
/* End XCBuildConfiguration section */

/* Begin XCConfigurationList section */
		F2D048BA27DB9A9500B8421F /* Build configuration list for PBXProject "AsyncAwaitTutorialTest" */ = {
			isa = XCConfigurationList;
			buildConfigurations = (
				F2D048CB27DB9A9800B8421F /* Debug */,
				F2D048CC27DB9A9800B8421F /* Release */,
			);
			defaultConfigurationIsVisible = 0;
			defaultConfigurationName = Release;
		};
		F2D048CD27DB9A9800B8421F /* Build configuration list for PBXNativeTarget "AsyncAwaitTutorialTest" */ = {
			isa = XCConfigurationList;
			buildConfigurations = (
				F2D048CE27DB9A9800B8421F /* Debug */,
				F2D048CF27DB9A9800B8421F /* Release */,
			);
			defaultConfigurationIsVisible = 0;
			defaultConfigurationName = Release;
		};
/* End XCConfigurationList section */

/* Begin XCRemoteSwiftPackageReference section */
		F2D048E627DBB77C00B8421F /* XCRemoteSwiftPackageReference "Alamofire" */ = {
			isa = XCRemoteSwiftPackageReference;
			repositoryURL = "https://github.com/Alamofire/Alamofire.git";
			requirement = {
				branch = master;
				kind = branch;
			};
		};
/* End XCRemoteSwiftPackageReference section */

/* Begin XCSwiftPackageProductDependency section */
		F2D048E727DBB77C00B8421F /* Alamofire */ = {
			isa = XCSwiftPackageProductDependency;
			package = F2D048E627DBB77C00B8421F /* XCRemoteSwiftPackageReference "Alamofire" */;
			productName = Alamofire;
		};
/* End XCSwiftPackageProductDependency section */
	};
	rootObject = F2D048B727DB9A9500B8421F /* Project object */;
}
